lockfileVersion: '9.0'

settings:
  autoInstallPeers: true
  excludeLinksFromLockfile: false

importers:

  .:
    dependencies:
      '@google-cloud/translate':
        specifier: ^9.3.0
        version: 9.3.0
      '@reown/appkit':
        specifier: 1.8.15
        version: 1.8.15
      '@reown/appkit-adapter-wagmi':
        specifier: 1.8.15
        version: 1.8.15
      '@tanstack/react-query':
        specifier: ^5.90.17
        version: 5.90.17
      '@vitalets/google-translate-api':
        specifier: ^9.2.1
        version: 9.2.1
      ccxt:
        specifier: ^4.5.33
        version: 4.5.33
      dotenv:
        specifier: ^16.6.1
        version: 16.6.1
      jose:
        specifier: ^5.10.0
        version: 5.10.0
      mysql2:
        specifier: ^3.16.1
        version: 3.16.1
      pm2:
        specifier: ^5.4.3
        version: 5.4.3
      tonweb:
        specifier: ^0.0.66
        version: 0.0.66
      viem:
        specifier: ^2.44.4
        version: 2.44.4
      wagmi:
        specifier: ^2.19.5
        version: 2.19.5
      web-push:
        specifier: ^3.6.7
        version: 3.6.7
    devDependencies:
      '@babel/generator':
        specifier: ^7.28.6
        version: 7.28.6
      '@babel/parser':
        specifier: ^7.28.6
        version: 7.28.6
      '@babel/traverse':
        specifier: ^7.28.6
        version: 7.28.6
      '@babel/types':
        specifier: ^7.28.6
        version: 7.28.6
      '@eslint/js':
        specifier: ^9.39.2
        version: 9.39.2
      '@next/eslint-plugin-next':
        specifier: ^15.5.9
        version: 15.5.9
      '@tailwindcss/oxide-win32-x64-msvc':
        specifier: 4.1.18
        version: 4.1.18
      '@types/jest':
        specifier: ^29.5.14
        version: 29.5.14
      '@types/lodash':
        specifier: ^4.17.23
        version: 4.17.23
      '@types/node':
        specifier: ^22.19.7
        version: 22.19.7
      '@typescript-eslint/eslint-plugin':
        specifier: 8.0.0-alpha.26
        version: 8.0.0-alpha.26
      '@typescript-eslint/parser':
        specifier: 8.0.0-alpha.26
        version: 8.0.0-alpha.26
      concurrently:
        specifier: ^7.6.0
        version: 7.6.0
      cross-env:
        specifier: ^10.1.0
        version: 10.1.0
      eslint:
        specifier: ^9.39.2
        version: 9.39.2
      eslint-config-prettier:
        specifier: ^9.1.2
        version: 9.1.2
      eslint-plugin-import:
        specifier: ^2.32.0
        version: 2.32.0
      eslint-plugin-prettier:
        specifier: ^5.5.5
        version: 5.5.5
      eslint-plugin-react:
        specifier: ^7.37.5
        version: 7.37.5
      eslint-plugin-react-hooks:
        specifier: ^7.0.1
        version: 7.0.1
      eslint-plugin-unused-imports:
        specifier: ^4.3.0
        version: 4.3.0
      ethers:
        specifier: ^6.16.0
        version: 6.16.0
      fast-glob:
        specifier: ^3.3.3
        version: 3.3.3
      globals:
        specifier: ^15.15.0
        version: 15.15.0
      prettier:
        specifier: ^3.8.0
        version: 3.8.0
      prettier-plugin-tailwindcss:
        specifier: ^0.6.14
        version: 0.6.14
      ts-jest:
        specifier: ^29.4.6
        version: 29.4.6
      typescript:
        specifier: ^5.9.3
        version: 5.9.3
      typescript-eslint:
        specifier: ^8.53.0
        version: 8.53.0

  frontend:
    dependencies:
      '@hookform/resolvers':
        specifier: ^3.10.0
        version: 3.10.0
      '@iconify/react':
        specifier: ^5.2.1
        version: 5.2.1
      '@jridgewell/trace-mapping':
        specifier: ^0.3.31
        version: 0.3.31
      '@radix-ui/react-accordion':
        specifier: ^1.2.12
        version: 1.2.12
      '@radix-ui/react-alert-dialog':
        specifier: ^1.1.15
        version: 1.1.15
      '@radix-ui/react-aspect-ratio':
        specifier: ^1.1.8
        version: 1.1.8
      '@radix-ui/react-avatar':
        specifier: ^1.1.11
        version: 1.1.11
      '@radix-ui/react-checkbox':
        specifier: ^1.3.3
        version: 1.3.3
      '@radix-ui/react-collapsible':
        specifier: ^1.1.12
        version: 1.1.12
      '@radix-ui/react-context-menu':
        specifier: ^2.2.16
        version: 2.2.16
      '@radix-ui/react-dialog':
        specifier: ^1.1.15
        version: 1.1.15
      '@radix-ui/react-direction':
        specifier: ^1.1.1
        version: 1.1.1
      '@radix-ui/react-dropdown-menu':
        specifier: ^2.1.16
        version: 2.1.16
      '@radix-ui/react-hover-card':
        specifier: ^1.1.15
        version: 1.1.15
      '@radix-ui/react-label':
        specifier: ^2.1.8
        version: 2.1.8
      '@radix-ui/react-menubar':
        specifier: ^1.1.16
        version: 1.1.16
      '@radix-ui/react-navigation-menu':
        specifier: ^1.2.14
        version: 1.2.14
      '@radix-ui/react-popover':
        specifier: ^1.1.15
        version: 1.1.15
      '@radix-ui/react-progress':
        specifier: ^1.1.8
        version: 1.1.8
      '@radix-ui/react-radio-group':
        specifier: ^1.3.8
        version: 1.3.8
      '@radix-ui/react-scroll-area':
        specifier: ^1.2.10
        version: 1.2.10
      '@radix-ui/react-select':
        specifier: ^2.2.6
        version: 2.2.6
      '@radix-ui/react-separator':
        specifier: ^1.1.8
        version: 1.1.8
      '@radix-ui/react-slider':
        specifier: ^1.3.6
        version: 1.3.6
      '@radix-ui/react-slot':
        specifier: ^1.2.4
        version: 1.2.4
      '@radix-ui/react-switch':
        specifier: ^1.2.6
        version: 1.2.6
      '@radix-ui/react-tabs':
        specifier: ^1.1.13
        version: 1.1.13
      '@radix-ui/react-toast':
        specifier: ^1.2.15
        version: 1.2.15
      '@radix-ui/react-toggle':
        specifier: ^1.1.10
        version: 1.1.10
      '@radix-ui/react-toggle-group':
        specifier: ^1.1.11
        version: 1.1.11
      '@radix-ui/react-tooltip':
        specifier: ^1.2.8
        version: 1.2.8
      '@reown/appkit':
        specifier: 1.8.15
        version: 1.8.15
      '@reown/appkit-adapter-wagmi':
        specifier: 1.8.15
        version: 1.8.15
      '@reown/appkit-pay':
        specifier: 1.8.15
        version: 1.8.15
      '@smastrom/react-rating':
        specifier: ^1.5.0
        version: 1.5.0
      '@tailwindcss/postcss':
        specifier: ^4.2.1
        version: 4.2.1
      '@tailwindcss/typography':
        specifier: ^0.5.19
        version: 0.5.19
      '@tanstack/react-table':
        specifier: 8.20.6
        version: 8.20.6
      '@types/dompurify':
        specifier: ^3.2.0
        version: 3.2.0
      '@wagmi/connectors':
        specifier: ^5.11.2
        version: 5.11.2
      add:
        specifier: ^2.0.6
        version: 2.0.6
      assert:
        specifier: ^2.1.0
        version: 2.1.0
      browserify-zlib:
        specifier: ^0.2.0
        version: 0.2.0
      class-variance-authority:
        specifier: ^0.7.1
        version: 0.7.1
      'cleave.js':
        specifier: ^1.6.0
        version: 1.6.0
      clsx:
        specifier: ^2.1.1
        version: 2.1.1
      cmdk:
        specifier: ^1.1.1
        version: 1.1.1
      crypto-browserify:
        specifier: ^3.12.1
        version: 3.12.1
      d3:
        specifier: ^7.9.0
        version: 7.9.0
      date-fns:
        specifier: ^4.1.0
        version: 4.1.0
      dompurify:
        specifier: ^3.3.3
        version: 3.3.3
      embla-carousel-react:
        specifier: ^8.6.0
        version: 8.6.0
      encoding:
        specifier: ^0.1.13
        version: 0.1.13
      framer-motion:
        specifier: 12.23.25
        version: 12.23.25
      html-to-image:
        specifier: ^1.11.13
        version: 1.11.13
      https-browserify:
        specifier: ^1.0.0
        version: 1.0.0
      immer:
        specifier: ^10.2.0
        version: 10.2.0
      input-otp:
        specifier: ^1.4.2
        version: 1.4.2
      ioredis:
        specifier: ^5.10.0
        version: 5.10.0
      lit:
        specifier: ^3.3.2
        version: 3.3.2
      lucide-react:
        specifier: ^0.468.0
        version: 0.468.0
      negotiator:
        specifier: ^1.0.0
        version: 1.0.0
      next:
        specifier: 16.1.6
        version: 16.1.6
      next-plugin-svgr:
        specifier: ^1.1.12
        version: 1.1.12
      next-svgr:
        specifier: ^0.0.2
        version: 0.0.2
      next-themes:
        specifier: 1.0.0-beta.0
        version: 1.0.0-beta.0
      os-browserify:
        specifier: ^0.3.0
        version: 0.3.0
      path-browserify:
        specifier: ^1.0.1
        version: 1.0.1
      pino:
        specifier: ^10.3.1
        version: 10.3.1
      postcss:
        specifier: ^8.5.8
        version: 8.5.8
      prop-types:
        specifier: ^15.8.1
        version: 15.8.1
      qrcode.react:
        specifier: ^4.2.0
        version: 4.2.0
      react:
        specifier: 19.1.1
        version: 19.1.1
      react-countup:
        specifier: ^6.5.3
        version: 6.5.3
      react-day-picker:
        specifier: ^9.14.0
        version: 9.14.0
      react-dnd:
        specifier: ^16.0.1
        version: 16.0.1
      react-dnd-html5-backend:
        specifier: ^16.0.1
        version: 16.0.1
      react-dom:
        specifier: 19.1.1
        version: 19.1.1
      react-dropzone:
        specifier: ^14.4.1
        version: 14.4.1
      react-email-editor:
        specifier: ^1.7.11
        version: 1.7.11
      react-hook-form:
        specifier: ^7.71.2
        version: 7.71.2
      react-intersection-observer:
        specifier: ^9.16.0
        version: 9.16.0
      react-medium-image-zoom:
        specifier: ^5.4.1
        version: 5.4.1
      react-qr-code:
        specifier: ^2.0.18
        version: 2.0.18
      react-resizable-panels:
        specifier: ^2.1.9
        version: 2.1.9
      react-syntax-highlighter:
        specifier: ^15.6.6
        version: 15.6.6
      recharts:
        specifier: ^2.15.4
        version: 2.15.4
      sass:
        specifier: ^1.98.0
        version: 1.98.0
      sharp:
        specifier: ^0.33.5
        version: 0.33.5
      simplebar-react:
        specifier: ^3.3.2
        version: 3.3.2
      siwe:
        specifier: ^3.0.0
        version: 3.0.0
      sonner:
        specifier: ^1.7.4
        version: 1.7.4
      stream-browserify:
        specifier: ^3.0.0
        version: 3.0.0
      stream-http:
        specifier: ^3.2.0
        version: 3.2.0
      styled-components:
        specifier: ^6.3.11
        version: 6.3.11
      swiper:
        specifier: ^11.2.10
        version: 11.2.10
      swr:
        specifier: 2.2.6-beta.5
        version: 2.2.6-beta.5
      tailwind-merge:
        specifier: ^2.6.1
        version: 2.6.1
      tailwind-scrollbar:
        specifier: ^3.1.0
        version: 3.1.0
      tailwind-variants:
        specifier: ^0.3.1
        version: 0.3.1
      tailwindcss:
        specifier: ^4.2.1
        version: 4.2.1
      tailwindcss-animate:
        specifier: ^1.0.7
        version: 1.0.7
      url:
        specifier: ^0.11.4
        version: 0.11.4
      uuid:
        specifier: ^11.1.0
        version: 11.1.0
      vaul:
        specifier: ^1.1.2
        version: 1.1.2
      zod:
        specifier: 3.24.1
        version: 3.24.1
      zustand:
        specifier: ^5.0.11
        version: 5.0.11
    devDependencies:
      '@next/bundle-analyzer':
        specifier: ^16.1.6
        version: 16.1.6
      '@svgr/webpack':
        specifier: ^8.1.0
        version: 8.1.0
      '@testing-library/jest-dom':
        specifier: ^6.9.1
        version: 6.9.1
      '@testing-library/react':
        specifier: ^16.3.2
        version: 16.3.2
      '@types/cleave.js':
        specifier: ^1.4.12
        version: 1.4.12
      '@types/node':
        specifier: ^20.19.37
        version: 20.19.37
      '@types/prop-types':
        specifier: ^15.7.15
        version: 15.7.15
      '@types/react':
        specifier: 19.1.9
        version: 19.1.9
      '@types/react-dom':
        specifier: 19.1.7
        version: 19.1.7
      '@types/react-syntax-highlighter':
        specifier: ^15.5.13
        version: 15.5.13
      '@vitejs/plugin-react':
        specifier: ^4.7.0
        version: 4.7.0
      '@vitest/coverage-v8':
        specifier: ^2.1.9
        version: 2.1.9
      baseline-browser-mapping:
        specifier: ^2.10.0
        version: 2.10.0
      eslint-config-next:
        specifier: 16.0.1
        version: 16.0.1
      ignore-loader:
        specifier: ^0.1.2
        version: 0.1.2
      jsdom:
        specifier: ^25.0.1
        version: 25.0.1
      pino-pretty:
        specifier: ^13.1.3
        version: 13.1.3
      vitest:
        specifier: ^2.1.9
        version: 2.1.9

  backend:
    dependencies:
      '@google/generative-ai':
        specifier: ^0.24.1
        version: 0.24.1
      '@paypal/paypal-server-sdk':
        specifier: ^2.2.0
        version: 2.2.0
      '@sendgrid/mail':
        specifier: ^8.1.6
        version: 8.1.6
      '@solana/spl-token':
        specifier: ^0.4.14
        version: 0.4.14
      '@solana/web3.js':
        specifier: ^1.98.4
        version: 1.98.4
      '@types/ejs':
        specifier: ^3.1.5
        version: 3.1.5
      '@types/validator':
        specifier: ^13.15.10
        version: 13.15.10
      adm-zip:
        specifier: ^0.5.16
        version: 0.5.16
      ajv:
        specifier: ^8.18.0
        version: 8.18.0
      ajv-formats:
        specifier: ^3.0.1
        version: 3.0.1
      archiver:
        specifier: ^7.0.1
        version: 7.0.1
      argon2:
        specifier: ^0.44.0
        version: 0.44.0
      bcrypt:
        specifier: ^6.0.0
        version: 6.0.0
      bignumber.js:
        specifier: ^9.3.1
        version: 9.3.1
      bip39:
        specifier: ^3.1.0
        version: 3.1.0
      bitcoinjs-lib:
        specifier: ^7.0.1
        version: 7.0.1
      bn.js:
        specifier: ^5.2.3
        version: 5.2.3
      bull:
        specifier: ^4.16.5
        version: 4.16.5
      bullmq:
        specifier: ^5.71.0
        version: 5.71.0
      cassandra-driver:
        specifier: ^4.8.0
        version: 4.8.0
      ccxt:
        specifier: ^4.5.43
        version: 4.5.43
      cheerio:
        specifier: ^1.2.0
        version: 1.2.0
      chokidar:
        specifier: ^5.0.0
        version: 5.0.0
      cli-spinners:
        specifier: ^2.9.2
        version: 2.9.2
      csv-parse:
        specifier: ^6.1.0
        version: 6.1.0
      csv-stringify:
        specifier: ^6.6.0
        version: 6.6.0
      date-fns:
        specifier: ^4.1.0
        version: 4.1.0
      dotenv:
        specifier: ^16.6.1
        version: 16.6.1
      ecpair:
        specifier: ^3.0.1
        version: 3.0.1
      ed25519-hd-key:
        specifier: ^1.3.0
        version: 1.3.0
      ejs:
        specifier: ^3.1.10
        version: 3.1.10
      firebase-admin:
        specifier: ^13.7.0
        version: 13.7.0
      fs-extra:
        specifier: ^11.3.4
        version: 11.3.4
      generate-password:
        specifier: ^1.7.1
        version: 1.7.1
      google-auth-library:
        specifier: ^10.6.1
        version: 10.6.1
      heic-convert:
        specifier: ^2.1.0
        version: 2.1.0
      https-proxy-agent:
        specifier: ^7.0.6
        version: 7.0.6
      ioredis:
        specifier: ^5.10.0
        version: 5.10.0
      ip:
        specifier: ^2.0.1
        version: 2.0.1
      isomorphic-dompurify:
        specifier: ^2.36.0
        version: 2.36.0
      lodash:
        specifier: ^4.17.23
        version: 4.17.23
      log-update:
        specifier: ^5.0.1
        version: 5.0.1
      mime:
        specifier: ^4.1.0
        version: 4.1.0
      mime-types:
        specifier: ^3.0.2
        version: 3.0.2
      module-alias:
        specifier: ^2.3.4
        version: 2.3.4
      mysql2:
        specifier: ^3.19.1
        version: 3.19.1
      mysqldump:
        specifier: ^3.2.0
        version: 3.2.0
      nodemailer:
        specifier: ^6.10.1
        version: 6.10.1
      openai:
        specifier: ^6.27.0
        version: 6.27.0
      otplib:
        specifier: ^12.0.1
        version: 12.0.1
      p-queue:
        specifier: ^8.1.1
        version: 8.1.1
      qrcode:
        specifier: ^1.5.4
        version: 1.5.4
      redlock:
        specifier: 5.0.0-beta.2
        version: 5.0.0-beta.2
      regexparam:
        specifier: ^3.0.0
        version: 3.0.0
      sequelize:
        specifier: ^6.37.8
        version: 6.37.8
      sequelize-cli:
        specifier: ^6.6.5
        version: 6.6.5
      sequelize-typescript:
        specifier: ^2.1.6
        version: 2.1.6
      sharp:
        specifier: ^0.34.5
        version: 0.34.5
      socks-proxy-agent:
        specifier: ^8.0.5
        version: 8.0.5
      stripe:
        specifier: ^20.4.1
        version: 20.4.1
      tiny-secp256k1:
        specifier: ^2.2.4
        version: 2.2.4
      tonweb:
        specifier: ^0.0.66
        version: 0.0.66
      tonweb-mnemonic:
        specifier: ^1.0.1
        version: 1.0.1
      tronweb:
        specifier: ^6.2.2
        version: 6.2.2
      twilio:
        specifier: ^5.13.0
        version: 5.13.0
      'uWebSockets.js':
        specifier: 'github:uNetworking/uWebSockets.js#v20.51.0'
        version: 'github:uNetworking/uWebSockets.js#v20.51.0'
      uuid:
        specifier: ^8.3.2
        version: 8.3.2
      validator:
        specifier: ^13.15.26
        version: 13.15.26
      web-push:
        specifier: ^3.6.7
        version: 3.6.7
      winston:
        specifier: ^3.19.0
        version: 3.19.0
      winston-daily-rotate-file:
        specifier: ^5.0.0
        version: 5.0.0
      ws:
        specifier: ^8.19.0
        version: 8.19.0
      xlsx:
        specifier: ^0.18.5
        version: 0.18.5
      xml2js:
        specifier: ^0.6.2
        version: 0.6.2
      xmlbuilder:
        specifier: ^15.1.1
        version: 15.1.1
      zeromq:
        specifier: ^6.5.0
        version: 6.5.0
    devDependencies:
      '@types/bcrypt':
        specifier: ^6.0.0
        version: 6.0.0
      '@types/jest':
        specifier: ^30.0.0
        version: 30.0.0
      '@types/node':
        specifier: ^24.12.0
        version: 24.12.0
      '@types/supertest':
        specifier: ^6.0.3
        version: 6.0.3
      '@typescript-eslint/eslint-plugin':
        specifier: 8.49.0
        version: 8.49.0
      '@typescript-eslint/parser':
        specifier: 8.49.0
        version: 8.49.0
      eslint:
        specifier: ^9.39.4
        version: 9.39.4
      javascript-obfuscator:
        specifier: ^5.3.0
        version: 5.3.0
      jest:
        specifier: ^30.3.0
        version: 30.3.0
      nodemon:
        specifier: ^3.1.14
        version: 3.1.14
      supertest:
        specifier: ^7.2.2
        version: 7.2.2
      terser:
        specifier: ^5.46.0
        version: 5.46.0
      ts-jest:
        specifier: ^29.4.6
        version: 29.4.6
      ts-morph:
        specifier: ^27.0.2
        version: 27.0.2
      ts-node:
        specifier: ^10.9.2
        version: 10.9.2
      tsconfig-paths:
        specifier: ^4.2.0
        version: 4.2.0
      tsx:
        specifier: ^4.21.0
        version: 4.21.0
      typescript:
        specifier: ^5.9.3
        version: 5.9.3
